lockfileVersion: '9.0'

settings:
  autoInstallPeers: true
  excludeLinksFromLockfile: false

importers:

  .:
    dependencies:
      async:
        specifier: ^3.2.6
        version: 3.2.6
      binance-api-node:
        specifier: ^0.12.9
        version: 0.12.9
      ccxt:
        specifier: ^4.5.7
        version: 4.5.7
      defu:
        specifier: ^6.1.4
        version: 6.1.4
      highcharts:
        specifier: ^12.4.0
        version: 12.4.0
      indicatorts:
        specifier: ^2.2.2
        version: 2.2.2
      lodash:
        specifier: ^4.17.21
        version: 4.17.21
      moment:
        specifier: ^2.30.1
        version: 2.30.1
      trading-signals:
        specifier: ^7.0.0
        version: 7.0.0
      tslog:
        specifier: ^4.10.2
        version: 4.10.2
      ws:
        specifier: ^8.18.3
        version: 8.18.3
    devDependencies:
      '@types/bun':
        specifier: ^1.2.23
        version: 1.2.23(@types/react@19.2.0)
      '@types/lodash':
        specifier: ^4.17.20
        version: 4.17.20
      '@types/node':
        specifier: ^24.7.0
        version: 24.7.0
      typescript:
        specifier: ^5.9.3
        version: 5.9.3

packages:

  '@types/bun@1.2.23':
    resolution: {integrity: sha512-le8ueOY5b6VKYf19xT3McVbXqLqmxzPXHsQT/q9JHgikJ2X22wyTW3g3ohz2ZMnp7dod6aduIiq8A14Xyimm0A==}

  '@types/lodash@4.17.20':
    resolution: {integrity: sha512-H3MHACvFUEiujabxhaI/ImO6gUrd8oOurg7LQtS7mbwIXA/cUqWrvBsaeJ23aZEPk1TAYkurjfMbSELfoCXlGA==}

  '@types/node@24.7.0':
    resolution: {integrity: sha512-IbKooQVqUBrlzWTi79E8Fw78l8k1RNtlDDNWsFZs7XonuQSJ8oNYfEeclhprUldXISRMLzBpILuKgPlIxm+/Yw==}

  '@types/react@19.2.0':
    resolution: {integrity: sha512-1LOH8xovvsKsCBq1wnT4ntDUdCJKmnEakhsuoUSy6ExlHCkGP2hqnatagYTgFk6oeL0VU31u7SNjunPN+GchtA==}

  agent-base@6.0.2:
    resolution: {integrity: sha512-RZNwNclF7+MS/8bDg70amg32dyeZGZxiDuQmZxKLAlQjr3jGyLx+4Kkk58UO7D2QdgFIQCovuSuZESne6RG6XQ==}
    engines: {node: '>= 6.0.0'}

  async@3.2.6:
    resolution: {integrity: sha512-htCUDlxyyCLMgaM3xXg0C0LW2xqfuQ6p05pCEIsXuyQ+a1koYKTuBMzRNwmybfLgvJDMd0r1LTn4+E0Ti6C2AA==}

  bignumber.js@9.1.2:
    resolution: {integrity: sha512-2/mKyZH9K85bzOEfhXDBFZTGd1CTs+5IHpeFQo9luiBG7hghdC851Pj2WAhb6E3R6b9tZj/XKhbg4fum+Kepug==}

  binance-api-node@0.12.9:
    resolution: {integrity: sha512-FpAxPhaWMb9JYFKYRZ/tquKuiMGtpu1DtC5Q7ODmvQj7ai+f+bfEkREzlUJnLLLtPWfxm6lmS6mv8l2kGFDCLQ==}
    engines: {yarn: '>= 1.0.0'}

  bun-types@1.2.23:
    resolution: {integrity: sha512-R9f0hKAZXgFU3mlrA0YpE/fiDvwV0FT9rORApt2aQVWSuJDzZOyB5QLc0N/4HF57CS8IXJ6+L5E4W1bW6NS2Aw==}
    peerDependencies:
      '@types/react': ^19

  ccxt@4.5.7:
    resolution: {integrity: sha512-7OeJLN+Aj5nLB3gQnXpLwTVGRw2HzfmJIcZhmJ6kvb7w8QmzGn6w7QF8pDYWeN1IsQyHX4itfkioUcsxZwBhNQ==}
    engines: {node: '>=15.0.0'}

  csstype@3.1.3:
    resolution: {integrity: sha512-M1uQkMl8rQK/szD0LNhtqxIPLpimGm8sOBwU7lLnCpSbTyY3yeU1Vc7l4KT5zT4s/yOxHH5O7tIuuLOCnLADRw==}

  debug@4.3.7:
    resolution: {integrity: sha512-Er2nc/H7RrMXZBFCEim6TCmMk02Z8vLC2Rbi1KEBggpo0fS6l0S1nnapwmIi3yW/+GOJap1Krg4w0Hg80oCqgQ==}
    engines: {node: '>=6.0'}
    peerDependencies:
      supports-color: '*'
    peerDependenciesMeta:
      supports-color:
        optional: true

  defu@6.1.4:
    resolution: {integrity: sha512-mEQCMmwJu317oSz8CwdIOdwf3xMif1ttiM8LTufzc3g6kR+9Pe236twL8j3IYT1F7GfRgGcW6MWxzZjLIkuHIg==}

  highcharts@12.4.0:
    resolution: {integrity: sha512-o6UxxfChSUrvrZUbWrAuqL1HO/+exhAUPcZY6nnqLsadZQlnP16d082sg7DnXKZCk1gtfkyfkp6g3qkIZ9miZg==}

  https-proxy-agent@5.0.1:
    resolution: {integrity: sha512-dFcAjpTQFgoLMzC2VwU+C/CbS7uRL0lWmxDITmqm7C+7F0Odmj6s9l6alZc6AELXhrnggM2CeWSXHGOdX2YtwA==}
    engines: {node: '>= 6'}

  indicatorts@2.2.2:
    resolution: {integrity: sha512-oJRe83n2zj826Mlp2RKQVfurqbq5dEHzAWgZidiYkS0mrx3GCbXlNj59YtwZvekRmNwi/d4NdeHGHd8Nspl6Xg==}

  isomorphic-fetch@3.0.0:
    resolution: {integrity: sha512-qvUtwJ3j6qwsF3jLxkZ72qCgjMysPzDfeV240JHiGZsANBYd+EEuu35v7dfrJ9Up0Ak07D7GGSkGhCHTqg/5wA==}

  isomorphic-ws@4.0.1:
    resolution: {integrity: sha512-BhBvN2MBpWTaSHdWRb/bwdZJ1WaehQ2L1KngkCkfLUGF0mAWAT1sQUQacEmQ0jXkFw/czDXPNQSL5u2/Krsz1w==}
    peerDependencies:
      ws: '*'

  json-bigint@1.0.0:
    resolution: {integrity: sha512-SiPv/8VpZuWbvLSMtTDU8hEfrZWg/mH/nV/b4o0CYbSxu1UIQPLdwKOCIyLQX+VIPO5vrLX3i8qtqFyhdPSUSQ==}

  lodash.zipobject@4.1.3:
    resolution: {integrity: sha512-A9SzX4hMKWS25MyalwcOnNoplyHbkNVsjidhTp8ru0Sj23wY9GWBKS8gAIGDSAqeWjIjvE4KBEl24XXAs+v4wQ==}

  lodash@4.17.21:
    resolution: {integrity: sha512-v2kDEe57lecTulaDIuNTPy3Ry4gLGJ6Z1O3vE1krgXZNrsQ+LFTGHVxVjcXPs17LhbZVGedAJv8XZ1tvj5FvSg==}

  moment@2.30.1:
    resolution: {integrity: sha512-uEmtNhbDOrWPFS+hdjFCBfy9f2YoyzRpwcl+DqpC6taX21FzsTLQVbMV/W7PzNSX6x/bhC1zA3c2UQ5NzH6how==}

  ms@2.1.3:
    resolution: {integrity: sha512-6FlzubTLZG3J2a/NVCAleEhjzq5oxgHyaCU9yYXvcLsvoVaHJq/s5xXI6/XXP6tz7R9xAOtHnSO/tXtF3WRTlA==}

  node-fetch@2.7.0:
    resolution: {integrity: sha512-c4FRfUm/dbcWZ7U+1Wq0AwCyFL+3nt2bEw05wfxSz+DWpWsitgmSgYmy2dQdWyKC1694ELPqMs/YzUSNozLt8A==}
    engines: {node: 4.x || >=6.0.0}
    peerDependencies:
      encoding: ^0.1.0
    peerDependenciesMeta:
      encoding:
        optional: true

  reconnecting-websocket@4.4.0:
    resolution: {integrity: sha512-D2E33ceRPga0NvTDhJmphEgJ7FUYF0v4lr1ki0csq06OdlxKfugGzN0dSkxM/NfqCxYELK4KcaTOUOjTV6Dcng==}

  tr46@0.0.3:
    resolution: {integrity: sha512-N3WMsuqV66lT30CrXNbEjx4GEwlow3v6rr4mCcv6prnfwhS01rkgyFdjPNBYd9br7LpXV1+Emh01fHnq2Gdgrw==}

  trading-signals@7.0.0:
    resolution: {integrity: sha512-cMdZDcbwAzzBMk/0KtDal7XcMAnXelsykq+dGSrhfdjTrE6u5yONfa5xrKjxsXtTQiDJLllE8cEhFg/EM1Cx/Q==}

  tslog@4.10.2:
    resolution: {integrity: sha512-XuELoRpMR+sq8fuWwX7P0bcj+PRNiicOKDEb3fGNURhxWVyykCi9BNq7c4uVz7h7P0sj8qgBsr5SWS6yBClq3g==}
    engines: {node: '>=16'}

  typescript@5.9.3:
    resolution: {integrity: sha512-jl1vZzPDinLr9eUt3J/t7V6FgNEw9QjvBPdysz9KfQDD41fQrC2Y4vKQdiaUpFT4bXlb1RHhLpp8wtm6M5TgSw==}
    engines: {node: '>=14.17'}
    hasBin: true

  undici-types@7.14.0:
    resolution: {integrity: sha512-QQiYxHuyZ9gQUIrmPo3IA+hUl4KYk8uSA7cHrcKd/l3p1OTpZcM0Tbp9x7FAtXdAYhlasd60ncPpgu6ihG6TOA==}

  webidl-conversions@3.0.1:
    resolution: {integrity: sha512-2JAn3z8AR6rjK8Sm8orRC0h/bcl/DqL7tRPdGZ4I1CjdF+EaMLmYxBHyXuKL849eucPFhvBoxMsflfOb8kxaeQ==}

  whatwg-fetch@3.6.20:
    resolution: {integrity: sha512-EqhiFU6daOA8kpjOWTL0olhVOF3i7OrFzSYiGsEMB8GcXS+RrzauAERX65xMeNWVqxA6HXH2m69Z9LaKKdisfg==}

  whatwg-url@5.0.0:
    resolution: {integrity: sha512-saE57nupxk6v3HY35+jzBwYa0rKSy0XR8JSxZPwgLr7ys0IBzhGviA1/TUGJLmSVqs8pb9AnvICXEuOHLprYTw==}

  ws@7.5.10:
    resolution: {integrity: sha512-+dbF1tHwZpXcbOJdVOkzLDxZP1ailvSxM6ZweXTegylPny803bFhA+vqBYw4s31NSAk4S2Qz+AKXK9a4wkdjcQ==}
    engines: {node: '>=8.3.0'}
    peerDependencies:
      bufferutil: ^4.0.1
      utf-8-validate: ^5.0.2
    peerDependenciesMeta:
      bufferutil:
        optional: true
      utf-8-validate:
        optional: true

  ws@8.18.3:
    resolution: {integrity: sha512-PEIGCY5tSlUt50cqyMXfCzX+oOPqN0vuGqWzbcJ2xvnkzkq46oOpz7dQaTDBdfICb4N14+GARUDw2XV2N4tvzg==}
    engines: {node: '>=10.0.0'}
    peerDependencies:
      bufferutil: ^4.0.1
      utf-8-validate: '>=5.0.2'
    peerDependenciesMeta:
      bufferutil:
        optional: true
      utf-8-validate:
        optional: true

snapshots:

  '@types/bun@1.2.23(@types/react@19.2.0)':
    dependencies:
      bun-types: 1.2.23(@types/react@19.2.0)
    transitivePeerDependencies:
      - '@types/react'

  '@types/lodash@4.17.20': {}

  '@types/node@24.7.0':
    dependencies:
      undici-types: 7.14.0

  '@types/react@19.2.0':
    dependencies:
      csstype: 3.1.3

  agent-base@6.0.2:
    dependencies:
      debug: 4.3.7
    transitivePeerDependencies:
      - supports-color

  async@3.2.6: {}

  bignumber.js@9.1.2: {}

  binance-api-node@0.12.9:
    dependencies:
      https-proxy-agent: 5.0.1
      isomorphic-fetch: 3.0.0
      isomorphic-ws: 4.0.1(ws@7.5.10)
      json-bigint: 1.0.0
      lodash.zipobject: 4.1.3
      reconnecting-websocket: 4.4.0
      ws: 7.5.10
    transitivePeerDependencies:
      - bufferutil
      - encoding
      - supports-color
      - utf-8-validate

  bun-types@1.2.23(@types/react@19.2.0):
    dependencies:
      '@types/node': 24.7.0
      '@types/react': 19.2.0

  ccxt@4.5.7:
    dependencies:
      ws: 8.18.3
    transitivePeerDependencies:
      - bufferutil
      - utf-8-validate

  csstype@3.1.3: {}

  debug@4.3.7:
    dependencies:
      ms: 2.1.3

  defu@6.1.4: {}

  highcharts@12.4.0: {}

  https-proxy-agent@5.0.1:
    dependencies:
      agent-base: 6.0.2
      debug: 4.3.7
    transitivePeerDependencies:
      - supports-color

  indicatorts@2.2.2: {}

  isomorphic-fetch@3.0.0:
    dependencies:
      node-fetch: 2.7.0
      whatwg-fetch: 3.6.20
    transitivePeerDependencies:
      - encoding

  isomorphic-ws@4.0.1(ws@7.5.10):
    dependencies:
      ws: 7.5.10

  json-bigint@1.0.0:
    dependencies:
      bignumber.js: 9.1.2

  lodash.zipobject@4.1.3: {}

  lodash@4.17.21: {}

  moment@2.30.1: {}

  ms@2.1.3: {}

  node-fetch@2.7.0:
    dependencies:
      whatwg-url: 5.0.0

  reconnecting-websocket@4.4.0: {}

  tr46@0.0.3: {}

  trading-signals@7.0.0: {}

  tslog@4.10.2: {}

  typescript@5.9.3: {}

  undici-types@7.14.0: {}

  webidl-conversions@3.0.1: {}

  whatwg-fetch@3.6.20: {}

  whatwg-url@5.0.0:
    dependencies:
      tr46: 0.0.3
      webidl-conversions: 3.0.1

  ws@7.5.10: {}

  ws@8.18.3: {}
